<?xml version="1.0" encoding="utf-8"?>
<Project ToolsVersion="4.0" xmlns="http://schemas.microsoft.com/developer/msbuild/2003">
  <ItemGroup>
    <Filter Include="Source Files">
      <UniqueIdentifier>{4FC737F1-C7A5-4376-A066-2A32D752A2FF}</UniqueIdentifier>
      <Extensions>cpp;c;cc;cxx;def;odl;idl;hpj;bat;asm;asmx</Extensions>
    </Filter>
    <Filter Include="Header Files">
      <UniqueIdentifier>{93995380-89BD-4b04-88EB-625FBE52EBFB}</UniqueIdentifier>
      <Extensions>h;hh;hpp;hxx;hm;inl;inc;ipp;xsd</Extensions>
    </Filter>
    <Filter Include="Resource Files">
      <UniqueIdentifier>{67DA6AB6-F800-4c08-8B7A-83BB121AAD01}</UniqueIdentifier>
      <Extensions>rc;ico;cur;bmp;dlg;rc2;rct;bin;rgs;gif;jpg;jpeg;jpe;resx;tiff;tif;png;wav;mfcribbon-ms</Extensions>
    </Filter>
  </ItemGroup>
  <ItemGroup>
    <ClCompile Include="main.cpp">
      <Filter>Source Files</Filter>
    </ClCompile>
    <ClCompile Include="RESTBASE.cpp">
      <Filter>Source Files</Filter>
    </ClCompile>
    <ClCompile Include="FileRender.cpp">
      <Filter>Source Files</Filter>
    </ClCompile>
    <ClCompile Include="CodeMirrorManager.cpp">
      <Filter>Source Files</Filter>
    </ClCompile>
    <ClCompile Include="NotFound.cpp">
      <Filter>Source Files</Filter>
    </ClCompile>
    <ClCompile Include="RegistrationPage.cpp">
      <Filter>Source Files</Filter>
    </ClCompile>
    <ClCompile Include="ResourceManager.cpp">
      <Filter>Source Files</Filter>
    </ClCompile>
    <ClCompile Include="SamplesManager.cpp">
      <Filter>Source Files</Filter>
    </ClCompile>
  </ItemGroup>
  <ItemGroup>
    <None Include="PocoFoundationd.dll" />
    <None Include="PocoNetd.dll" />
    <None Include="PocoUtild.dll" />
    <None Include="PocoXMLd.dll" />
    <None Include="PocoJSONd.dll" />
    <None Include="Resources\testSketch.ino" />
    <None Include="codemirror\plugin\codemirror\README.md" />
    <None Include="codemirror\demo\activeline.html" />
    <None Include="codemirror\demo\anywordhint.html" />
    <None Include="codemirror\demo\bidi.html" />
    <None Include="codemirror\demo\btree.html" />
    <None Include="codemirror\demo\buffers.html" />
    <None Include="codemirror\demo\changemode.html" />
    <None Include="codemirror\demo\closebrackets.html" />
    <None Include="codemirror\demo\closetag.html" />
    <None Include="codemirror\demo\complete.html" />
    <None Include="codemirror\demo\emacs.html" />
    <None Include="codemirror\demo\folding.html" />
    <None Include="codemirror\demo\fullscreen.html" />
    <None Include="codemirror\demo\hardwrap.html" />
    <None Include="codemirror\demo\html5complete.html" />
    <None Include="codemirror\demo\indentwrap.html" />
    <None Include="codemirror\demo\lint.html" />
    <None Include="codemirror\demo\loadmode.html" />
    <None Include="codemirror\demo\marker.html" />
    <None Include="codemirror\demo\markselection.html" />
    <None Include="codemirror\demo\matchhighlighter.html" />
    <None Include="codemirror\demo\matchtags.html" />
    <None Include="codemirror\demo\merge.html" />
    <None Include="codemirror\demo\multiplex.html" />
    <None Include="codemirror\demo\mustache.html" />
    <None Include="codemirror\demo\panel.html" />
    <None Include="codemirror\demo\placeholder.html" />
    <None Include="codemirror\demo\preview.html" />
    <None Include="codemirror\demo\requirejs.html" />
    <None Include="codemirror\demo\resize.html" />
    <None Include="codemirror\demo\rulers.html" />
    <None Include="codemirror\demo\runmode.html" />
    <None Include="codemirror\demo\search.html" />
    <None Include="codemirror\demo\simplemode.html" />
    <None Include="codemirror\demo\simplescrollbars.html" />
    <None Include="codemirror\demo\spanaffectswrapping_shim.html" />
    <None Include="codemirror\demo\sublime.html" />
    <None Include="codemirror\demo\tern.html" />
    <None Include="codemirror\demo\theme.html" />
    <None Include="codemirror\demo\trailingspace.html" />
    <None Include="codemirror\demo\variableheight.html" />
    <None Include="codemirror\demo\vim.html" />
    <None Include="codemirror\demo\visibletabs.html" />
    <None Include="codemirror\demo\widget.html" />
    <None Include="codemirror\demo\xmlcomplete.html" />
    <None Include="codemirror\doc\internals.html" />
    <None Include="codemirror\doc\manual.html" />
    <None Include="codemirror\doc\realworld.html" />
    <None Include="codemirror\doc\releases.html" />
    <None Include="codemirror\doc\reporting.html" />
    <None Include="codemirror\doc\upgrade_v2.2.html" />
    <None Include="codemirror\doc\upgrade_v3.html" />
    <None Include="codemirror\doc\upgrade_v4.html" />
    <None Include="codemirror\mode\apl\index.html" />
    <None Include="codemirror\mode\asciiarmor\index.html" />
    <None Include="codemirror\mode\asn.1\index.html" />
    <None Include="codemirror\mode\asterisk\index.html" />
    <None Include="codemirror\mode\brainfuck\index.html" />
    <None Include="codemirror\mode\clike\index.html" />
    <None Include="codemirror\mode\clike\scala.html" />
    <None Include="codemirror\mode\clojure\index.html" />
    <None Include="codemirror\mode\cmake\index.html" />
    <None Include="codemirror\mode\cobol\index.html" />
    <None Include="codemirror\mode\coffeescript\index.html" />
    <None Include="codemirror\mode\commonlisp\index.html" />
    <None Include="codemirror\mode\crystal\index.html" />
    <None Include="codemirror\mode\css\gss.html" />
    <None Include="codemirror\mode\css\index.html" />
    <None Include="codemirror\mode\css\less.html" />
    <None Include="codemirror\mode\css\scss.html" />
    <None Include="codemirror\mode\cypher\index.html" />
    <None Include="codemirror\mode\d\index.html" />
    <None Include="codemirror\mode\dart\index.html" />
    <None Include="codemirror\mode\diff\index.html" />
    <None Include="codemirror\mode\django\index.html" />
    <None Include="codemirror\mode\dockerfile\index.html" />
    <None Include="codemirror\mode\dtd\index.html" />
    <None Include="codemirror\mode\dylan\index.html" />
    <None Include="codemirror\mode\ebnf\index.html" />
    <None Include="codemirror\mode\ecl\index.html" />
    <None Include="codemirror\mode\eiffel\index.html" />
    <None Include="codemirror\mode\elm\index.html" />
    <None Include="codemirror\mode\erlang\index.html" />
    <None Include="codemirror\mode\factor\index.html" />
    <None Include="codemirror\mode\fcl\index.html" />
    <None Include="codemirror\mode\forth\index.html" />
    <None Include="codemirror\mode\fortran\index.html" />
    <None Include="codemirror\mode\gas\index.html" />
    <None Include="codemirror\mode\gfm\index.html" />
    <None Include="codemirror\mode\gherkin\index.html" />
    <None Include="codemirror\mode\go\index.html" />
    <None Include="codemirror\mode\groovy\index.html" />
    <None Include="codemirror\mode\haml\index.html" />
    <None Include="codemirror\mode\handlebars\index.html" />
    <None Include="codemirror\mode\haskell\index.html" />
    <None Include="codemirror\mode\haskell-literate\index.html" />
    <None Include="codemirror\mode\haxe\index.html" />
    <None Include="codemirror\mode\htmlembedded\index.html" />
    <None Include="codemirror\mode\htmlmixed\index.html" />
    <None Include="codemirror\mode\http\index.html" />
    <None Include="codemirror\mode\idl\index.html" />
    <None Include="codemirror\mode\javascript\index.html" />
    <None Include="codemirror\mode\javascript\json-ld.html" />
    <None Include="codemirror\mode\javascript\typescript.html" />
    <None Include="codemirror\mode\jinja2\index.html" />
    <None Include="codemirror\mode\jsx\index.html" />
    <None Include="codemirror\mode\julia\index.html" />
    <None Include="codemirror\mode\livescript\index.html" />
    <None Include="codemirror\mode\lua\index.html" />
    <None Include="codemirror\mode\markdown\index.html" />
    <None Include="codemirror\mode\mathematica\index.html" />
    <None Include="codemirror\mode\mbox\index.html" />
    <None Include="codemirror\mode\mirc\index.html" />
    <None Include="codemirror\mode\mllike\index.html" />
    <None Include="codemirror\mode\modelica\index.html" />
    <None Include="codemirror\mode\mscgen\index.html" />
    <None Include="codemirror\mode\mumps\index.html" />
    <None Include="codemirror\mode\nginx\index.html" />
    <None Include="codemirror\mode\nsis\index.html" />
    <None Include="codemirror\mode\ntriples\index.html" />
    <None Include="codemirror\mode\octave\index.html" />
    <None Include="codemirror\mode\oz\index.html" />
    <None Include="codemirror\mode\pascal\index.html" />
    <None Include="codemirror\mode\pegjs\index.html" />
    <None Include="codemirror\mode\perl\index.html" />
    <None Include="codemirror\mode\php\index.html" />
    <None Include="codemirror\mode\pig\index.html" />
    <None Include="codemirror\mode\powershell\index.html" />
    <None Include="codemirror\mode\properties\index.html" />
    <None Include="codemirror\mode\protobuf\index.html" />
    <None Include="codemirror\mode\pug\index.html" />
    <None Include="codemirror\mode\puppet\index.html" />
    <None Include="codemirror\mode\python\index.html" />
    <None Include="codemirror\mode\q\index.html" />
    <None Include="codemirror\mode\r\index.html" />
    <None Include="codemirror\mode\rpm\changes\index.html" />
    <None Include="codemirror\mode\rpm\index.html" />
    <None Include="codemirror\mode\rst\index.html" />
    <None Include="codemirror\mode\ruby\index.html" />
    <None Include="codemirror\mode\rust\index.html" />
    <None Include="codemirror\mode\sas\index.html" />
    <None Include="codemirror\mode\sass\index.html" />
    <None Include="codemirror\mode\scheme\index.html" />
    <None Include="codemirror\mode\shell\index.html" />
    <None Include="codemirror\mode\sieve\index.html" />
    <None Include="codemirror\mode\slim\index.html" />
    <None Include="codemirror\mode\smalltalk\index.html" />
    <None Include="codemirror\mode\smarty\index.html" />
    <None Include="codemirror\mode\solr\index.html" />
    <None Include="codemirror\mode\soy\index.html" />
    <None Include="codemirror\mode\sparql\index.html" />
    <None Include="codemirror\mode\spreadsheet\index.html" />
    <None Include="codemirror\mode\sql\index.html" />
    <None Include="codemirror\mode\stex\index.html" />
    <None Include="codemirror\mode\stylus\index.html" />
    <None Include="codemirror\mode\swift\index.html" />
    <None Include="codemirror\mode\tcl\index.html" />
    <None Include="codemirror\mode\textile\index.html" />
    <None Include="codemirror\mode\tiddlywiki\index.html" />
    <None Include="codemirror\mode\tiki\index.html" />
    <None Include="codemirror\mode\toml\index.html" />
    <None Include="codemirror\mode\tornado\index.html" />
    <None Include="codemirror\mode\troff\index.html" />
    <None Include="codemirror\mode\ttcn\index.html" />
    <None Include="codemirror\mode\ttcn-cfg\index.html" />
    <None Include="codemirror\mode\turtle\index.html" />
    <None Include="codemirror\mode\twig\index.html" />
    <None Include="codemirror\mode\vb\index.html" />
    <None Include="codemirror\mode\vbscript\index.html" />
    <None Include="codemirror\mode\velocity\index.html" />
    <None Include="codemirror\mode\verilog\index.html" />
    <None Include="codemirror\mode\vhdl\index.html" />
    <None Include="codemirror\mode\vue\index.html" />
    <None Include="codemirror\mode\webidl\index.html" />
    <None Include="codemirror\mode\xml\index.html" />
    <None Include="codemirror\mode\xquery\index.html" />
    <None Include="codemirror\mode\yacas\index.html" />
    <None Include="codemirror\mode\yaml\index.html" />
    <None Include="codemirror\mode\yaml-frontmatter\index.html" />
    <None Include="codemirror\mode\z80\index.html" />
    <None Include="codemirror\mode\index.html" />
    <None Include="codemirror\test\index.html" />
    <None Include="codemirror\index.html" />
    <None Include="codemirror\lib\codemirror.css" />
    <None Include="codemirror\lib\codemirror.js" />
    <None Include="codemirror\.editorconfig" />
    <None Include="codemirror\.gitattributes" />
    <None Include="codemirror\.npmignore" />
    <None Include="codemirror\AUTHORS" />
    <None Include="codemirror\CHANGELOG.md" />
    <None Include="codemirror\CONTRIBUTING.md" />
    <None Include="codemirror\package.json" />
    <None Include="codemirror\README.md" />
    <None Include="codemirror\rollup.config.js" />
    <None Include="codemirror\LICENSE" />
    <None Include="codemirror\.travis.yml" />
    <None Include="codemirror\editor.html" />
    <None Include="codemirror\mode\clike\clike.js" />
    <None Include="codemirror\mode\clike\test.js" />
    <None Include="Resources\Registration\registration.html" />
    <None Include="codemirror\editorOLD.htm" />
    <None Include="codemirror\editor.css" />
  </ItemGroup>
  <ItemGroup>
    <ClInclude Include="RESTBASE.h">
      <Filter>Header Files</Filter>
    </ClInclude>
    <ClInclude Include="FileRender.h">
      <Filter>Header Files</Filter>
    </ClInclude>
    <ClInclude Include="CodeMirrorManager.h">
      <Filter>Header Files</Filter>
    </ClInclude>
    <ClInclude Include="NotFound.h">
      <Filter>Header Files</Filter>
    </ClInclude>
    <ClInclude Include="RegistrationPage.h">
      <Filter>Header Files</Filter>
    </ClInclude>
    <ClInclude Include="ResourceManager.h">
      <Filter>Header Files</Filter>
    </ClInclude>
    <ClInclude Include="SamplesManager.h">
      <Filter>Header Files</Filter>
    </ClInclude>
  </ItemGroup>
</Project>